
Microsoft Visual Studio Solution File, Format Version 12.00
# Visual Studio Version 16
VisualStudioVersion = 16.0.29102.190
MinimumVisualStudioVersion = 10.0.40219.1
Project("{FAE04EC0-301F-11D3-BF4B-00C04F79EFBC}") = "MovieSample.Android", "MovieSample\MovieSample.Android\MovieSample.Android.csproj", "{7902BF32-B30A-45CC-A448-64B4B4F1E472}"
EndProject
Project("{FAE04EC0-301F-11D3-BF4B-00C04F79EFBC}") = "MovieSample.iOS", "MovieSample\MovieSample.iOS\MovieSample.iOS.csproj", "{1AB0C192-DAD3-4F56-A20B-63163447B828}"
EndProject
Project("{FAE04EC0-301F-11D3-BF4B-00C04F79EFBC}") = "MovieSample", "MovieSample\MovieSample\MovieSample.csproj", "{BC1D0902-5A8B-4171-9F21-52EFD6D84495}"
EndProject
Global
	GlobalSection(SolutionConfigurationPlatforms) = preSolution
		Debug|Any CPU = Debug|Any CPU
		Debug|iPhone = Debug|iPhone
		Debug|iPhoneSimulator = Debug|iPhoneSimulator
		Release|Any CPU = Release|Any CPU
		Release|iPhone = Release|iPhone
		Release|iPhoneSimulator = Release|iPhoneSimulator
	EndGlobalSection
	GlobalSection(ProjectConfigurationPlatforms) = postSolution
		{7902BF32-B30A-45CC-A448-64B4B4F1E472}.Debug|Any CPU.ActiveCfg = Debug|Any CPU
		{7902BF32-B30A-45CC-A448-64B4B4F1E472}.Debug|Any CPU.Build.0 = Debug|Any CPU
		{7902BF32-B30A-45CC-A448-64B4B4F1E472}.Debug|Any CPU.Deploy.0 = Debug|Any CPU
		{7902BF32-B30A-45CC-A448-64B4B4F1E472}.Debug|iPhone.ActiveCfg = Debug|Any CPU
		{7902BF32-B30A-45CC-A448-64B4B4F1E472}.Debug|iPhone.Build.0 = Debug|Any CPU
		{7902BF32-B30A-45CC-A448-64B4B4F1E472}.Debug|iPhone.Deploy.0 = Debug|Any CPU
		{7902BF32-B30A-45CC-A448-64B4B4F1E472}.Debug|iPhoneSimulator.ActiveCfg = Debug|Any CPU
		{7902BF32-B30A-45CC-A448-64B4B4F1E472}.Debug|iPhoneSimulator.Build.0 = Debug|Any CPU
		{7902BF32-B30A-45CC-A448-64B4B4F1E472}.Debug|iPhoneSimulator.Deploy.0 = Debug|Any CPU
		{7902BF32-B30A-45CC-A448-64B4B4F1E472}.Release|Any CPU.ActiveCfg = Release|Any CPU
		{7902BF32-B30A-45CC-A448-64B4B4F1E472}.Release|Any CPU.Build.0 = Release|Any CPU
		{7902BF32-B30A-45CC-A448-64B4B4F1E472}.Release|Any CPU.Deploy.0 = Release|Any CPU
		{7902BF32-B30A-45CC-A448-64B4B4F1E472}.Release|iPhone.ActiveCfg = Release|Any CPU
		{7902BF32-B30A-45CC-A448-64B4B4F1E472}.Release|iPhone.Build.0 = Release|Any CPU
		{7902BF32-B30A-45CC-A448-64B4B4F1E472}.Release|iPhone.Deploy.0 = Release|Any CPU
		{7902BF32-B30A-45CC-A448-64B4B4F1E472}.Release|iPhoneSimulator.ActiveCfg = Release|Any CPU
		{7902BF32-B30A-45CC-A448-64B4B4F1E472}.Release|iPhoneSimulator.Build.0 = Release|Any CPU
		{7902BF32-B30A-45CC-A448-64B4B4F1E472}.Release|iPhoneSimulator.Deploy.0 = Release|Any CPU
		{1AB0C192-DAD3-4F56-A20B-63163447B828}.Debug|Any CPU.ActiveCfg = Debug|iPhoneSimulator
		{1AB0C192-DAD3-4F56-A20B-63163447B828}.Debug|Any CPU.Build.0 = Debug|iPhoneSimulator
		{1AB0C192-DAD3-4F56-A20B-63163447B828}.Debug|Any CPU.Deploy.0 = Debug|iPhoneSimulator
		{1AB0C192-DAD3-4F56-A20B-63163447B828}.Debug|iPhone.ActiveCfg = Debug|iPhone
		{1AB0C192-DAD3-4F56-A20B-63163447B828}.Debug|iPhone.Build.0 = Debug|iPhone
		{1AB0C192-DAD3-4F56-A20B-63163447B828}.Debug|iPhone.Deploy.0 = Debug|iPhone
		{1AB0C192-DAD3-4F56-A20B-63163447B828}.Debug|iPhoneSimulator.ActiveCfg = Debug|iPhoneSimulator
		{1AB0C192-DAD3-4F56-A20B-63163447B828}.Debug|iPhoneSimulator.Build.0 = Debug|iPhoneSimulator
		{1AB0C192-DAD3-4F56-A20B-63163447B828}.Debug|iPhoneSimulator.Deploy.0 = Debug|iPhoneSimulator
		{1AB0C192-DAD3-4F56-A20B-63163447B828}.Release|Any CPU.ActiveCfg = Release|iPhone
		{1AB0C192-DAD3-4F56-A20B-63163447B828}.Release|Any CPU.Build.0 = Release|iPhone
		{1AB0C192-DAD3-4F56-A20B-63163447B828}.Release|Any CPU.Deploy.0 = Release|iPhone
		{1AB0C192-DAD3-4F56-A20B-63163447B828}.Release|iPhone.ActiveCfg = Release|iPhone
		{1AB0C192-DAD3-4F56-A20B-63163447B828}.Release|iPhone.Build.0 = Release|iPhone
		{1AB0C192-DAD3-4F56-A20B-63163447B828}.Release|iPhone.Deploy.0 = Release|iPhone
		{1AB0C192-DAD3-4F56-A20B-63163447B828}.Release|iPhoneSimulator.ActiveCfg = Release|iPhoneSimulator
		{1AB0C192-DAD3-4F56-A20B-63163447B828}.Release|iPhoneSimulator.Build.0 = Release|iPhoneSimulator
		{1AB0C192-DAD3-4F56-A20B-63163447B828}.Release|iPhoneSimulator.Deploy.0 = Release|iPhoneSimulator
		{BC1D0902-5A8B-4171-9F21-52EFD6D84495}.Debug|Any CPU.ActiveCfg = Debug|Any CPU
		{BC1D0902-5A8B-4171-9F21-52EFD6D84495}.Debug|Any CPU.Build.0 = Debug|Any CPU
		{BC1D0902-5A8B-4171-9F21-52EFD6D84495}.Debug|Any CPU.Deploy.0 = Debug|Any CPU
		{BC1D0902-5A8B-4171-9F21-52EFD6D84495}.Debug|iPhone.ActiveCfg = Debug|Any CPU
		{BC1D0902-5A8B-4171-9F21-52EFD6D84495}.Debug|iPhone.Build.0 = Debug|Any CPU
		{BC1D0902-5A8B-4171-9F21-52EFD6D84495}.Debug|iPhone.Deploy.0 = Debug|Any CPU
		{BC1D0902-5A8B-4171-9F21-52EFD6D84495}.Debug|iPhoneSimulator.ActiveCfg = Debug|Any CPU
		{BC1D0902-5A8B-4171-9F21-52EFD6D84495}.Debug|iPhoneSimulator.Build.0 = Debug|Any CPU
		{BC1D0902-5A8B-4171-9F21-52EFD6D84495}.Debug|iPhoneSimulator.Deploy.0 = Debug|Any CPU
		{BC1D0902-5A8B-4171-9F21-52EFD6D84495}.Release|Any CPU.ActiveCfg = Release|Any CPU
		{BC1D0902-5A8B-4171-9F21-52EFD6D84495}.Release|Any CPU.Build.0 = Release|Any CPU
		{BC1D0902-5A8B-4171-9F21-52EFD6D84495}.Release|Any CPU.Deploy.0 = Release|Any CPU
		{BC1D0902-5A8B-4171-9F21-52EFD6D84495}.Release|iPhone.ActiveCfg = Release|Any CPU
		{BC1D0902-5A8B-4171-9F21-52EFD6D84495}.Release|iPhone.Build.0 = Release|Any CPU
		{BC1D0902-5A8B-4171-9F21-52EFD6D84495}.Release|iPhone.Deploy.0 = Release|Any CPU
		{BC1D0902-5A8B-4171-9F21-52EFD6D84495}.Release|iPhoneSimulator.ActiveCfg = Release|Any CPU
		{BC1D0902-5A8B-4171-9F21-52EFD6D84495}.Release|iPhoneSimulator.Build.0 = Release|Any CPU
		{BC1D0902-5A8B-4171-9F21-52EFD6D84495}.Release|iPhoneSimulator.Deploy.0 = Release|Any CPU
	EndGlobalSection
	GlobalSection(SolutionProperties) = preSolution
		HideSolutionNode = FALSE
	EndGlobalSection
	GlobalSection(ExtensibilityGlobals) = postSolution
		SolutionGuid = {CD141FE1-6245-4148-BD83-B320D782C4D6}
	EndGlobalSection
EndGlobal
